# This is a Gradle generated file for dependency locking.
# Manual edits can break the build and are not advised.
# This file is expected to be part of source control.
com.beust:jcommander:1.82=detekt
com.fasterxml.jackson.core:jackson-annotations:2.12.7=dokkaGfmPlugin,dokkaGfmRuntime,dokkaHtmlPlugin,dokkaHtmlRuntime,dokkaJavadocPlugin,dokkaJavadocRuntime,dokkaJekyllPlugin,dokkaJekyllRuntime
com.fasterxml.jackson.core:jackson-core:2.12.7=dokkaGfmPlugin,dokkaGfmRuntime,dokkaHtmlPlugin,dokkaHtmlRuntime,dokkaJavadocPlugin,dokkaJavadocRuntime,dokkaJekyllPlugin,dokkaJekyllRuntime
com.fasterxml.jackson.core:jackson-databind:2.12.7.1=dokkaGfmPlugin,dokkaGfmRuntime,dokkaHtmlPlugin,dokkaHtmlRuntime,dokkaJavadocPlugin,dokkaJavadocRuntime,dokkaJekyllPlugin,dokkaJekyllRuntime
com.fasterxml.jackson.dataformat:jackson-dataformat-xml:2.12.7=dokkaGfmRuntime,dokkaHtmlRuntime,dokkaJavadocRuntime,dokkaJekyllRuntime
com.fasterxml.jackson.module:jackson-module-jaxb-annotations:2.12.7=dokkaGfmRuntime,dokkaHtmlRuntime,dokkaJavadocRuntime,dokkaJekyllRuntime
com.fasterxml.jackson.module:jackson-module-kotlin:2.12.7=dokkaGfmPlugin,dokkaGfmRuntime,dokkaHtmlPlugin,dokkaHtmlRuntime,dokkaJavadocPlugin,dokkaJavadocRuntime,dokkaJekyllPlugin,dokkaJekyllRuntime
com.fasterxml.jackson:jackson-bom:2.12.7=dokkaGfmPlugin,dokkaGfmRuntime,dokkaHtmlPlugin,dokkaHtmlRuntime,dokkaJavadocPlugin,dokkaJavadocRuntime,dokkaJekyllPlugin,dokkaJekyllRuntime
com.fasterxml.woodstox:woodstox-core:6.2.4=dokkaGfmRuntime,dokkaHtmlRuntime,dokkaJavadocRuntime,dokkaJekyllRuntime
com.google.android:annotations:4.1.1.4=sigstoreClientClasspath
com.google.api.grpc:proto-google-common-protos:2.22.0=sigstoreClientClasspath
com.google.code.findbugs:jsr305:3.0.2=sigstoreClientClasspath
com.google.code.gson:gson:2.10.1=sigstoreClientClasspath
com.google.errorprone:error_prone_annotations:2.20.0=sigstoreClientClasspath
com.google.guava:failureaccess:1.0.1=sigstoreClientClasspath
com.google.guava:guava:32.0.1-jre=sigstoreClientClasspath
com.google.guava:listenablefuture:9999.0-empty-to-avoid-conflict-with-guava=sigstoreClientClasspath
com.google.http-client:google-http-client-apache-v2:1.43.3=sigstoreClientClasspath
com.google.http-client:google-http-client-bom:1.43.3=sigstoreClientClasspath
com.google.http-client:google-http-client-gson:1.43.3=sigstoreClientClasspath
com.google.http-client:google-http-client:1.43.3=sigstoreClientClasspath
com.google.j2objc:j2objc-annotations:2.8=sigstoreClientClasspath
com.google.oauth-client:google-oauth-client-bom:1.34.1=sigstoreClientClasspath
com.google.oauth-client:google-oauth-client-java6:1.34.1=sigstoreClientClasspath
com.google.oauth-client:google-oauth-client-jetty:1.34.1=sigstoreClientClasspath
com.google.oauth-client:google-oauth-client:1.34.1=sigstoreClientClasspath
com.google.protobuf:protobuf-bom:3.24.3=sigstoreClientClasspath
com.google.protobuf:protobuf-java-util:3.24.3=sigstoreClientClasspath
com.google.protobuf:protobuf-java:3.24.3=sigstoreClientClasspath
commons-codec:commons-codec:1.16.0=sigstoreClientClasspath
commons-logging:commons-logging:1.2=sigstoreClientClasspath
dev.sigstore:protobuf-specs:0.1.0=sigstoreClientClasspath
dev.sigstore:sigstore-java:0.5.0=sigstoreClientClasspath
io.github.davidburstrom.contester:contester-breakpoint:0.2.0=detekt
io.github.detekt.sarif4k:sarif4k-jvm:0.4.0=detekt
io.github.detekt.sarif4k:sarif4k:0.4.0=detekt
io.github.erdtman:java-json-canonicalization:1.1=sigstoreClientClasspath
io.gitlab.arturbosch.detekt:detekt-api:1.23.4=detekt
io.gitlab.arturbosch.detekt:detekt-cli:1.23.4=detekt
io.gitlab.arturbosch.detekt:detekt-core:1.23.4=detekt
io.gitlab.arturbosch.detekt:detekt-metrics:1.23.4=detekt
io.gitlab.arturbosch.detekt:detekt-parser:1.23.4=detekt
io.gitlab.arturbosch.detekt:detekt-psi-utils:1.23.4=detekt
io.gitlab.arturbosch.detekt:detekt-report-html:1.23.4=detekt
io.gitlab.arturbosch.detekt:detekt-report-md:1.23.4=detekt
io.gitlab.arturbosch.detekt:detekt-report-sarif:1.23.4=detekt
io.gitlab.arturbosch.detekt:detekt-report-txt:1.23.4=detekt
io.gitlab.arturbosch.detekt:detekt-report-xml:1.23.4=detekt
io.gitlab.arturbosch.detekt:detekt-rules-complexity:1.23.4=detekt
io.gitlab.arturbosch.detekt:detekt-rules-coroutines:1.23.4=detekt
io.gitlab.arturbosch.detekt:detekt-rules-documentation:1.23.4=detekt
io.gitlab.arturbosch.detekt:detekt-rules-empty:1.23.4=detekt
io.gitlab.arturbosch.detekt:detekt-rules-errorprone:1.23.4=detekt
io.gitlab.arturbosch.detekt:detekt-rules-exceptions:1.23.4=detekt
io.gitlab.arturbosch.detekt:detekt-rules-naming:1.23.4=detekt
io.gitlab.arturbosch.detekt:detekt-rules-performance:1.23.4=detekt
io.gitlab.arturbosch.detekt:detekt-rules-style:1.23.4=detekt
io.gitlab.arturbosch.detekt:detekt-rules:1.23.4=detekt
io.gitlab.arturbosch.detekt:detekt-tooling:1.23.4=detekt
io.gitlab.arturbosch.detekt:detekt-utils:1.23.4=detekt
io.grpc:grpc-api:1.58.0=sigstoreClientClasspath
io.grpc:grpc-bom:1.58.0=sigstoreClientClasspath
io.grpc:grpc-context:1.58.0=sigstoreClientClasspath
io.grpc:grpc-core:1.58.0=sigstoreClientClasspath
io.grpc:grpc-netty-shaded:1.58.0=sigstoreClientClasspath
io.grpc:grpc-protobuf-lite:1.58.0=sigstoreClientClasspath
io.grpc:grpc-protobuf:1.58.0=sigstoreClientClasspath
io.grpc:grpc-stub:1.58.0=sigstoreClientClasspath
io.grpc:grpc-util:1.58.0=sigstoreClientClasspath
io.opencensus:opencensus-api:0.31.1=sigstoreClientClasspath
io.opencensus:opencensus-contrib-http-util:0.31.1=sigstoreClientClasspath
io.perfmark:perfmark-api:0.26.0=sigstoreClientClasspath
jakarta.activation:jakarta.activation-api:1.2.1=dokkaGfmRuntime,dokkaHtmlRuntime,dokkaJavadocRuntime,dokkaJekyllRuntime
jakarta.xml.bind:jakarta.xml.bind-api:2.3.2=dokkaGfmRuntime,dokkaHtmlRuntime,dokkaJavadocRuntime,dokkaJekyllRuntime
junit:junit:4.13.2=jvmTestCompileClasspath,jvmTestRuntimeClasspath,testCompileClasspath,testRuntimeClasspath
org.apache.httpcomponents:httpclient:4.5.14=sigstoreClientClasspath
org.apache.httpcomponents:httpcore:4.4.16=sigstoreClientClasspath
org.bouncycastle:bcpkix-jdk18on:1.76=sigstoreClientClasspath
org.bouncycastle:bcprov-jdk18on:1.76=sigstoreClientClasspath
org.bouncycastle:bcutil-jdk18on:1.76=sigstoreClientClasspath
org.checkerframework:checker-qual:3.33.0=sigstoreClientClasspath
org.codehaus.mojo:animal-sniffer-annotations:1.23=sigstoreClientClasspath
org.codehaus.woodstox:stax2-api:4.2.1=dokkaGfmRuntime,dokkaHtmlRuntime,dokkaJavadocRuntime,dokkaJekyllRuntime
org.freemarker:freemarker:2.3.31=dokkaGfmPlugin,dokkaHtmlPlugin,dokkaJavadocPlugin,dokkaJekyllPlugin
org.freemarker:freemarker:2.3.32=koverJvmReporter
org.hamcrest:hamcrest-core:1.3=jvmTestCompileClasspath,jvmTestRuntimeClasspath,testCompileClasspath,testRuntimeClasspath
org.jetbrains.dokka:analysis-kotlin-descriptors:1.9.10=dokkaGfmPlugin,dokkaHtmlPlugin,dokkaJavadocPlugin,dokkaJekyllPlugin
org.jetbrains.dokka:analysis-markdown:1.9.10=dokkaGfmPlugin,dokkaHtmlPlugin,dokkaJavadocPlugin,dokkaJekyllPlugin
org.jetbrains.dokka:dokka-base:1.9.10=dokkaGfmPlugin,dokkaHtmlPlugin,dokkaJavadocPlugin,dokkaJekyllPlugin
org.jetbrains.dokka:dokka-core:1.9.10=dokkaGfmRuntime,dokkaHtmlRuntime,dokkaJavadocRuntime,dokkaJekyllRuntime
org.jetbrains.intellij.deps:coverage-report:1.0.22=koverJvmReporter
org.jetbrains.intellij.deps:intellij-coverage-agent:1.0.741=koverJvmAgent,koverJvmReporter
org.jetbrains.intellij.deps:intellij-coverage-reporter:1.0.741=koverJvmReporter
org.jetbrains.intellij.deps:trove4j:1.0.20200330=detekt,kotlinBuildToolsApiClasspath,kotlinCompilerClasspath,kotlinKlibCommonizerClasspath
org.jetbrains.kotlin:kotlin-build-common:2.0.0-Beta3=kotlinBuildToolsApiClasspath
org.jetbrains.kotlin:kotlin-build-tools-api:2.0.0-Beta3=kotlinBuildToolsApiClasspath
org.jetbrains.kotlin:kotlin-build-tools-impl:2.0.0-Beta3=kotlinBuildToolsApiClasspath
org.jetbrains.kotlin:kotlin-compiler-embeddable:1.9.21=detekt
org.jetbrains.kotlin:kotlin-compiler-embeddable:2.0.0-Beta3=kotlinBuildToolsApiClasspath,kotlinCompilerClasspath,kotlinKlibCommonizerClasspath
org.jetbrains.kotlin:kotlin-compiler-runner:2.0.0-Beta3=kotlinBuildToolsApiClasspath
org.jetbrains.kotlin:kotlin-daemon-client:2.0.0-Beta3=kotlinBuildToolsApiClasspath
org.jetbrains.kotlin:kotlin-daemon-embeddable:1.9.21=detekt
org.jetbrains.kotlin:kotlin-daemon-embeddable:2.0.0-Beta3=kotlinBuildToolsApiClasspath,kotlinCompilerClasspath,kotlinKlibCommonizerClasspath
org.jetbrains.kotlin:kotlin-dom-api-compat:2.0.0-Beta3=allSourceSetsCompileDependenciesMetadata,jsCompileClasspath,jsMainApiDependenciesMetadata,jsMainCompileOnlyDependenciesMetadata,jsMainDependencySources,jsMainImplementationDependenciesMetadata,jsMainResolvableDependenciesMetadata,jsNpmAggregated,jsRuntimeClasspath,jsTestApiDependenciesMetadata,jsTestCompileClasspath,jsTestCompileOnlyDependenciesMetadata,jsTestDependencySources,jsTestImplementationDependenciesMetadata,jsTestNpmAggregated,jsTestResolvableDependenciesMetadata,jsTestRuntimeClasspath
org.jetbrains.kotlin:kotlin-klib-commonizer-embeddable:2.0.0-Beta3=kotlinKlibCommonizerClasspath
org.jetbrains.kotlin:kotlin-reflect:1.6.10=kotlinBuildToolsApiClasspath,kotlinCompilerClasspath,kotlinKlibCommonizerClasspath
org.jetbrains.kotlin:kotlin-reflect:1.9.10=dokkaGfmPlugin,dokkaGfmRuntime,dokkaHtmlPlugin,dokkaHtmlRuntime,dokkaJavadocPlugin,dokkaJavadocRuntime,dokkaJekyllPlugin,dokkaJekyllRuntime
org.jetbrains.kotlin:kotlin-reflect:1.9.21=detekt
org.jetbrains.kotlin:kotlin-script-runtime:1.9.21=detekt
org.jetbrains.kotlin:kotlin-script-runtime:2.0.0-Beta3=kotlinBuildToolsApiClasspath,kotlinCompilerClasspath,kotlinCompilerPluginClasspathJsMain,kotlinCompilerPluginClasspathJsTest,kotlinCompilerPluginClasspathJvmMain,kotlinCompilerPluginClasspathJvmTest,kotlinCompilerPluginClasspathMetadataCommonMain,kotlinCompilerPluginClasspathMetadataMain,kotlinCompilerPluginClasspathMetadataNonJvmMain,kotlinCompilerPluginClasspathWasmJsMain,kotlinCompilerPluginClasspathWasmJsTest,kotlinCompilerPluginClasspathWasmWasiMain,kotlinCompilerPluginClasspathWasmWasiTest,kotlinKlibCommonizerClasspath
org.jetbrains.kotlin:kotlin-scripting-common:2.0.0-Beta3=kotlinBuildToolsApiClasspath,kotlinCompilerPluginClasspathJsMain,kotlinCompilerPluginClasspathJsTest,kotlinCompilerPluginClasspathJvmMain,kotlinCompilerPluginClasspathJvmTest,kotlinCompilerPluginClasspathMetadataCommonMain,kotlinCompilerPluginClasspathMetadataMain,kotlinCompilerPluginClasspathMetadataNonJvmMain,kotlinCompilerPluginClasspathWasmJsMain,kotlinCompilerPluginClasspathWasmJsTest,kotlinCompilerPluginClasspathWasmWasiMain,kotlinCompilerPluginClasspathWasmWasiTest
org.jetbrains.kotlin:kotlin-scripting-compiler-embeddable:2.0.0-Beta3=kotlinBuildToolsApiClasspath,kotlinCompilerPluginClasspathJsMain,kotlinCompilerPluginClasspathJsTest,kotlinCompilerPluginClasspathJvmMain,kotlinCompilerPluginClasspathJvmTest,kotlinCompilerPluginClasspathMetadataCommonMain,kotlinCompilerPluginClasspathMetadataMain,kotlinCompilerPluginClasspathMetadataNonJvmMain,kotlinCompilerPluginClasspathWasmJsMain,kotlinCompilerPluginClasspathWasmJsTest,kotlinCompilerPluginClasspathWasmWasiMain,kotlinCompilerPluginClasspathWasmWasiTest
org.jetbrains.kotlin:kotlin-scripting-compiler-impl-embeddable:2.0.0-Beta3=kotlinBuildToolsApiClasspath,kotlinCompilerPluginClasspathJsMain,kotlinCompilerPluginClasspathJsTest,kotlinCompilerPluginClasspathJvmMain,kotlinCompilerPluginClasspathJvmTest,kotlinCompilerPluginClasspathMetadataCommonMain,kotlinCompilerPluginClasspathMetadataMain,kotlinCompilerPluginClasspathMetadataNonJvmMain,kotlinCompilerPluginClasspathWasmJsMain,kotlinCompilerPluginClasspathWasmJsTest,kotlinCompilerPluginClasspathWasmWasiMain,kotlinCompilerPluginClasspathWasmWasiTest
org.jetbrains.kotlin:kotlin-scripting-jvm:2.0.0-Beta3=kotlinBuildToolsApiClasspath,kotlinCompilerPluginClasspathJsMain,kotlinCompilerPluginClasspathJsTest,kotlinCompilerPluginClasspathJvmMain,kotlinCompilerPluginClasspathJvmTest,kotlinCompilerPluginClasspathMetadataCommonMain,kotlinCompilerPluginClasspathMetadataMain,kotlinCompilerPluginClasspathMetadataNonJvmMain,kotlinCompilerPluginClasspathWasmJsMain,kotlinCompilerPluginClasspathWasmJsTest,kotlinCompilerPluginClasspathWasmWasiMain,kotlinCompilerPluginClasspathWasmWasiTest
org.jetbrains.kotlin:kotlin-stdlib-common:1.9.10=dokkaGfmPlugin,dokkaGfmRuntime,dokkaHtmlPlugin,dokkaHtmlRuntime,dokkaJavadocPlugin,dokkaJavadocRuntime,dokkaJekyllPlugin,dokkaJekyllRuntime
org.jetbrains.kotlin:kotlin-stdlib-common:1.9.21=detekt
org.jetbrains.kotlin:kotlin-stdlib-jdk7:1.8.21=detekt
org.jetbrains.kotlin:kotlin-stdlib-jdk7:1.9.10=dokkaGfmPlugin,dokkaGfmRuntime,dokkaHtmlPlugin,dokkaHtmlRuntime,dokkaJavadocPlugin,dokkaJavadocRuntime,dokkaJekyllPlugin,dokkaJekyllRuntime
org.jetbrains.kotlin:kotlin-stdlib-jdk8:1.8.21=detekt
org.jetbrains.kotlin:kotlin-stdlib-jdk8:1.9.10=dokkaGfmPlugin,dokkaGfmRuntime,dokkaHtmlPlugin,dokkaHtmlRuntime,dokkaJavadocPlugin,dokkaJavadocRuntime,dokkaJekyllPlugin,dokkaJekyllRuntime
org.jetbrains.kotlin:kotlin-stdlib-js:2.0.0-Beta3=jsCompileClasspath,jsMainDependencySources,jsNpmAggregated,jsRuntimeClasspath,jsTestCompileClasspath,jsTestDependencySources,jsTestNpmAggregated,jsTestRuntimeClasspath
org.jetbrains.kotlin:kotlin-stdlib-wasm-js:2.0.0-Beta3=wasmJsCompileClasspath,wasmJsMainDependencySources,wasmJsNpmAggregated,wasmJsRuntimeClasspath,wasmJsTestCompileClasspath,wasmJsTestDependencySources,wasmJsTestNpmAggregated,wasmJsTestRuntimeClasspath
org.jetbrains.kotlin:kotlin-stdlib-wasm-wasi:2.0.0-Beta3=wasmWasiCompileClasspath,wasmWasiMainDependencySources,wasmWasiNpmAggregated,wasmWasiRuntimeClasspath,wasmWasiTestCompileClasspath,wasmWasiTestDependencySources,wasmWasiTestNpmAggregated,wasmWasiTestRuntimeClasspath
org.jetbrains.kotlin:kotlin-stdlib:1.9.10=dokkaGfmPlugin,dokkaGfmRuntime,dokkaHtmlPlugin,dokkaHtmlRuntime,dokkaJavadocPlugin,dokkaJavadocRuntime,dokkaJekyllPlugin,dokkaJekyllRuntime
org.jetbrains.kotlin:kotlin-stdlib:1.9.21=detekt
org.jetbrains.kotlin:kotlin-stdlib:2.0.0-Beta3=allSourceSetsCompileDependenciesMetadata,apple32MainApiDependenciesMetadata,apple32MainCompileOnlyDependenciesMetadata,apple32MainImplementationDependenciesMetadata,apple32MainResolvableDependenciesMetadata,apple32TestApiDependenciesMetadata,apple32TestCompileOnlyDependenciesMetadata,apple32TestImplementationDependenciesMetadata,apple32TestResolvableDependenciesMetadata,apple64MainApiDependenciesMetadata,apple64MainCompileOnlyDependenciesMetadata,apple64MainDependencySources,apple64MainImplementationDependenciesMetadata,apple64MainResolvableDependenciesMetadata,apple64TestApiDependenciesMetadata,apple64TestCompileOnlyDependenciesMetadata,apple64TestImplementationDependenciesMetadata,apple64TestResolvableDependenciesMetadata,appleMainApiDependenciesMetadata,appleMainCompileOnlyDependenciesMetadata,appleMainDependencySources,appleMainImplementationDependenciesMetadata,appleMainResolvableDependenciesMetadata,appleTestApiDependenciesMetadata,appleTestCompileOnlyDependenciesMetadata,appleTestImplementationDependenciesMetadata,appleTestResolvableDependenciesMetadata,commonMainApiDependenciesMetadata,commonMainCompileOnlyDependenciesMetadata,commonMainDependencySources,commonMainImplementationDependenciesMetadata,commonMainResolvableDependenciesMetadata,commonTestApiDependenciesMetadata,commonTestCompileOnlyDependenciesMetadata,commonTestImplementationDependenciesMetadata,commonTestResolvableDependenciesMetadata,compileClasspath,iosArm64CompilationDependenciesMetadata,iosArm64CompileKlibraries,iosArm64MainApiDependenciesMetadata,iosArm64MainCompileOnlyDependenciesMetadata,iosArm64MainImplementationDependenciesMetadata,iosArm64MainResolvableDependenciesMetadata,iosArm64TestApiDependenciesMetadata,iosArm64TestCompilationDependenciesMetadata,iosArm64TestCompileKlibraries,iosArm64TestCompileOnlyDependenciesMetadata,iosArm64TestImplementationDependenciesMetadata,iosArm64TestResolvableDependenciesMetadata,iosSimulatorArm64CompilationDependenciesMetadata,iosSimulatorArm64CompileKlibraries,iosSimulatorArm64MainApiDependenciesMetadata,iosSimulatorArm64MainCompileOnlyDependenciesMetadata,iosSimulatorArm64MainImplementationDependenciesMetadata,iosSimulatorArm64MainResolvableDependenciesMetadata,iosSimulatorArm64TestApiDependenciesMetadata,iosSimulatorArm64TestCompilationDependenciesMetadata,iosSimulatorArm64TestCompileKlibraries,iosSimulatorArm64TestCompileOnlyDependenciesMetadata,iosSimulatorArm64TestImplementationDependenciesMetadata,iosSimulatorArm64TestResolvableDependenciesMetadata,iosX64CompilationDependenciesMetadata,iosX64CompileKlibraries,iosX64MainApiDependenciesMetadata,iosX64MainCompileOnlyDependenciesMetadata,iosX64MainImplementationDependenciesMetadata,iosX64MainResolvableDependenciesMetadata,iosX64TestApiDependenciesMetadata,iosX64TestCompilationDependenciesMetadata,iosX64TestCompileKlibraries,iosX64TestCompileOnlyDependenciesMetadata,iosX64TestImplementationDependenciesMetadata,iosX64TestResolvableDependenciesMetadata,jsCompileClasspath,jsMainApiDependenciesMetadata,jsMainCompileOnlyDependenciesMetadata,jsMainDependencySources,jsMainImplementationDependenciesMetadata,jsMainResolvableDependenciesMetadata,jsNpmAggregated,jsRuntimeClasspath,jsTestApiDependenciesMetadata,jsTestCompileClasspath,jsTestCompileOnlyDependenciesMetadata,jsTestDependencySources,jsTestImplementationDependenciesMetadata,jsTestNpmAggregated,jsTestResolvableDependenciesMetadata,jsTestRuntimeClasspath,jvmCompileClasspath,jvmMainApiDependenciesMetadata,jvmMainCompileOnlyDependenciesMetadata,jvmMainDependencySources,jvmMainImplementationDependenciesMetadata,jvmMainResolvableDependenciesMetadata,jvmRuntimeClasspath,jvmTestApiDependenciesMetadata,jvmTestCompileClasspath,jvmTestCompileOnlyDependenciesMetadata,jvmTestDependencySources,jvmTestImplementationDependenciesMetadata,jvmTestResolvableDependenciesMetadata,jvmTestRuntimeClasspath,kotlinBuildToolsApiClasspath,kotlinCompilerClasspath,kotlinCompilerPluginClasspathJsMain,kotlinCompilerPluginClasspathJsTest,kotlinCompilerPluginClasspathJvmMain,kotlinCompilerPluginClasspathJvmTest,kotlinCompilerPluginClasspathMetadataCommonMain,kotlinCompilerPluginClasspathMetadataMain,kotlinCompilerPluginClasspathMetadataNonJvmMain,kotlinCompilerPluginClasspathWasmJsMain,kotlinCompilerPluginClasspathWasmJsTest,kotlinCompilerPluginClasspathWasmWasiMain,kotlinCompilerPluginClasspathWasmWasiTest,kotlinKlibCommonizerClasspath,linuxArm64CompilationDependenciesMetadata,linuxArm64CompileKlibraries,linuxArm64MainApiDependenciesMetadata,linuxArm64MainCompileOnlyDependenciesMetadata,linuxArm64MainImplementationDependenciesMetadata,linuxArm64MainResolvableDependenciesMetadata,linuxArm64TestApiDependenciesMetadata,linuxArm64TestCompilationDependenciesMetadata,linuxArm64TestCompileKlibraries,linuxArm64TestCompileOnlyDependenciesMetadata,linuxArm64TestImplementationDependenciesMetadata,linuxArm64TestResolvableDependenciesMetadata,linuxX64CompilationDependenciesMetadata,linuxX64CompileKlibraries,linuxX64MainApiDependenciesMetadata,linuxX64MainCompileOnlyDependenciesMetadata,linuxX64MainImplementationDependenciesMetadata,linuxX64MainResolvableDependenciesMetadata,linuxX64TestApiDependenciesMetadata,linuxX64TestCompilationDependenciesMetadata,linuxX64TestCompileKlibraries,linuxX64TestCompileOnlyDependenciesMetadata,linuxX64TestImplementationDependenciesMetadata,linuxX64TestResolvableDependenciesMetadata,macosArm64CompilationDependenciesMetadata,macosArm64CompileKlibraries,macosArm64MainApiDependenciesMetadata,macosArm64MainCompileOnlyDependenciesMetadata,macosArm64MainImplementationDependenciesMetadata,macosArm64MainResolvableDependenciesMetadata,macosArm64TestApiDependenciesMetadata,macosArm64TestCompilationDependenciesMetadata,macosArm64TestCompileKlibraries,macosArm64TestCompileOnlyDependenciesMetadata,macosArm64TestImplementationDependenciesMetadata,macosArm64TestResolvableDependenciesMetadata,macosX64CompilationDependenciesMetadata,macosX64CompileKlibraries,macosX64MainApiDependenciesMetadata,macosX64MainCompileOnlyDependenciesMetadata,macosX64MainImplementationDependenciesMetadata,macosX64MainResolvableDependenciesMetadata,macosX64TestApiDependenciesMetadata,macosX64TestCompilationDependenciesMetadata,macosX64TestCompileKlibraries,macosX64TestCompileOnlyDependenciesMetadata,macosX64TestImplementationDependenciesMetadata,macosX64TestResolvableDependenciesMetadata,metadataApple64MainCompileClasspath,metadataAppleMainCompileClasspath,metadataCommonMainCompileClasspath,metadataCompileClasspath,metadataNativeMainCompileClasspath,metadataNix64MainCompileClasspath,metadataNonJvmMainCompileClasspath,mingwMainApiDependenciesMetadata,mingwMainCompileOnlyDependenciesMetadata,mingwMainImplementationDependenciesMetadata,mingwMainResolvableDependenciesMetadata,mingwTestApiDependenciesMetadata,mingwTestCompileOnlyDependenciesMetadata,mingwTestImplementationDependenciesMetadata,mingwTestResolvableDependenciesMetadata,mingwX64CompilationDependenciesMetadata,mingwX64CompileKlibraries,mingwX64MainApiDependenciesMetadata,mingwX64MainCompileOnlyDependenciesMetadata,mingwX64MainImplementationDependenciesMetadata,mingwX64MainResolvableDependenciesMetadata,mingwX64TestApiDependenciesMetadata,mingwX64TestCompilationDependenciesMetadata,mingwX64TestCompileKlibraries,mingwX64TestCompileOnlyDependenciesMetadata,mingwX64TestImplementationDependenciesMetadata,mingwX64TestResolvableDependenciesMetadata,nativeMainApiDependenciesMetadata,nativeMainCompileOnlyDependenciesMetadata,nativeMainDependencySources,nativeMainImplementationDependenciesMetadata,nativeMainResolvableDependenciesMetadata,nativeTestApiDependenciesMetadata,nativeTestCompileOnlyDependenciesMetadata,nativeTestImplementationDependenciesMetadata,nativeTestResolvableDependenciesMetadata,nix32MainApiDependenciesMetadata,nix32MainCompileOnlyDependenciesMetadata,nix32MainImplementationDependenciesMetadata,nix32MainResolvableDependenciesMetadata,nix32TestApiDependenciesMetadata,nix32TestCompileOnlyDependenciesMetadata,nix32TestImplementationDependenciesMetadata,nix32TestResolvableDependenciesMetadata,nix64MainApiDependenciesMetadata,nix64MainCompileOnlyDependenciesMetadata,nix64MainDependencySources,nix64MainImplementationDependenciesMetadata,nix64MainResolvableDependenciesMetadata,nix64TestApiDependenciesMetadata,nix64TestCompileOnlyDependenciesMetadata,nix64TestImplementationDependenciesMetadata,nix64TestResolvableDependenciesMetadata,nonJvmMainApiDependenciesMetadata,nonJvmMainCompileOnlyDependenciesMetadata,nonJvmMainDependencySources,nonJvmMainImplementationDependenciesMetadata,nonJvmMainResolvableDependenciesMetadata,nonJvmTestApiDependenciesMetadata,nonJvmTestCompileOnlyDependenciesMetadata,nonJvmTestImplementationDependenciesMetadata,nonJvmTestResolvableDependenciesMetadata,runtimeClasspath,testCompileClasspath,testRuntimeClasspath,tvosArm64CompilationDependenciesMetadata,tvosArm64CompileKlibraries,tvosArm64MainApiDependenciesMetadata,tvosArm64MainCompileOnlyDependenciesMetadata,tvosArm64MainImplementationDependenciesMetadata,tvosArm64MainResolvableDependenciesMetadata,tvosArm64TestApiDependenciesMetadata,tvosArm64TestCompilationDependenciesMetadata,tvosArm64TestCompileKlibraries,tvosArm64TestCompileOnlyDependenciesMetadata,tvosArm64TestImplementationDependenciesMetadata,tvosArm64TestResolvableDependenciesMetadata,tvosSimulatorArm64CompilationDependenciesMetadata,tvosSimulatorArm64CompileKlibraries,tvosSimulatorArm64MainApiDependenciesMetadata,tvosSimulatorArm64MainCompileOnlyDependenciesMetadata,tvosSimulatorArm64MainImplementationDependenciesMetadata,tvosSimulatorArm64MainResolvableDependenciesMetadata,tvosSimulatorArm64TestApiDependenciesMetadata,tvosSimulatorArm64TestCompilationDependenciesMetadata,tvosSimulatorArm64TestCompileKlibraries,tvosSimulatorArm64TestCompileOnlyDependenciesMetadata,tvosSimulatorArm64TestImplementationDependenciesMetadata,tvosSimulatorArm64TestResolvableDependenciesMetadata,tvosX64CompilationDependenciesMetadata,tvosX64CompileKlibraries,tvosX64MainApiDependenciesMetadata,tvosX64MainCompileOnlyDependenciesMetadata,tvosX64MainImplementationDependenciesMetadata,tvosX64MainResolvableDependenciesMetadata,tvosX64TestApiDependenciesMetadata,tvosX64TestCompilationDependenciesMetadata,tvosX64TestCompileKlibraries,tvosX64TestCompileOnlyDependenciesMetadata,tvosX64TestImplementationDependenciesMetadata,tvosX64TestResolvableDependenciesMetadata,wasmJsCompileClasspath,wasmJsMainApiDependenciesMetadata,wasmJsMainCompileOnlyDependenciesMetadata,wasmJsMainDependencySources,wasmJsMainImplementationDependenciesMetadata,wasmJsMainResolvableDependenciesMetadata,wasmJsNpmAggregated,wasmJsRuntimeClasspath,wasmJsTestApiDependenciesMetadata,wasmJsTestCompileClasspath,wasmJsTestCompileOnlyDependenciesMetadata,wasmJsTestDependencySources,wasmJsTestImplementationDependenciesMetadata,wasmJsTestNpmAggregated,wasmJsTestResolvableDependenciesMetadata,wasmJsTestRuntimeClasspath,wasmWasiCompileClasspath,wasmWasiMainApiDependenciesMetadata,wasmWasiMainCompileOnlyDependenciesMetadata,wasmWasiMainDependencySources,wasmWasiMainImplementationDependenciesMetadata,wasmWasiMainResolvableDependenciesMetadata,wasmWasiNpmAggregated,wasmWasiRuntimeClasspath,wasmWasiTestApiDependenciesMetadata,wasmWasiTestCompileClasspath,wasmWasiTestCompileOnlyDependenciesMetadata,wasmWasiTestDependencySources,wasmWasiTestImplementationDependenciesMetadata,wasmWasiTestNpmAggregated,wasmWasiTestResolvableDependenciesMetadata,wasmWasiTestRuntimeClasspath,watchosArm32CompilationDependenciesMetadata,watchosArm32CompileKlibraries,watchosArm32MainApiDependenciesMetadata,watchosArm32MainCompileOnlyDependenciesMetadata,watchosArm32MainImplementationDependenciesMetadata,watchosArm32MainResolvableDependenciesMetadata,watchosArm32TestApiDependenciesMetadata,watchosArm32TestCompilationDependenciesMetadata,watchosArm32TestCompileKlibraries,watchosArm32TestCompileOnlyDependenciesMetadata,watchosArm32TestImplementationDependenciesMetadata,watchosArm32TestResolvableDependenciesMetadata,watchosArm64CompilationDependenciesMetadata,watchosArm64CompileKlibraries,watchosArm64MainApiDependenciesMetadata,watchosArm64MainCompileOnlyDependenciesMetadata,watchosArm64MainImplementationDependenciesMetadata,watchosArm64MainResolvableDependenciesMetadata,watchosArm64TestApiDependenciesMetadata,watchosArm64TestCompilationDependenciesMetadata,watchosArm64TestCompileKlibraries,watchosArm64TestCompileOnlyDependenciesMetadata,watchosArm64TestImplementationDependenciesMetadata,watchosArm64TestResolvableDependenciesMetadata,watchosDeviceArm64CompilationDependenciesMetadata,watchosDeviceArm64CompileKlibraries,watchosDeviceArm64MainApiDependenciesMetadata,watchosDeviceArm64MainCompileOnlyDependenciesMetadata,watchosDeviceArm64MainImplementationDependenciesMetadata,watchosDeviceArm64MainResolvableDependenciesMetadata,watchosDeviceArm64TestApiDependenciesMetadata,watchosDeviceArm64TestCompilationDependenciesMetadata,watchosDeviceArm64TestCompileKlibraries,watchosDeviceArm64TestCompileOnlyDependenciesMetadata,watchosDeviceArm64TestImplementationDependenciesMetadata,watchosDeviceArm64TestResolvableDependenciesMetadata,watchosSimulatorArm64CompilationDependenciesMetadata,watchosSimulatorArm64CompileKlibraries,watchosSimulatorArm64MainApiDependenciesMetadata,watchosSimulatorArm64MainCompileOnlyDependenciesMetadata,watchosSimulatorArm64MainImplementationDependenciesMetadata,watchosSimulatorArm64MainResolvableDependenciesMetadata,watchosSimulatorArm64TestApiDependenciesMetadata,watchosSimulatorArm64TestCompilationDependenciesMetadata,watchosSimulatorArm64TestCompileKlibraries,watchosSimulatorArm64TestCompileOnlyDependenciesMetadata,watchosSimulatorArm64TestImplementationDependenciesMetadata,watchosSimulatorArm64TestResolvableDependenciesMetadata,watchosX64CompilationDependenciesMetadata,watchosX64CompileKlibraries,watchosX64MainApiDependenciesMetadata,watchosX64MainCompileOnlyDependenciesMetadata,watchosX64MainImplementationDependenciesMetadata,watchosX64MainResolvableDependenciesMetadata,watchosX64TestApiDependenciesMetadata,watchosX64TestCompilationDependenciesMetadata,watchosX64TestCompileKlibraries,watchosX64TestCompileOnlyDependenciesMetadata,watchosX64TestImplementationDependenciesMetadata,watchosX64TestResolvableDependenciesMetadata
org.jetbrains.kotlin:kotlin-test-js-runner:2.0.0-Beta3=jsNpmAggregated,jsTestNpmAggregated,wasmJsNpmAggregated,wasmJsTestNpmAggregated,wasmWasiNpmAggregated,wasmWasiTestNpmAggregated
org.jetbrains.kotlin:kotlin-test-js:2.0.0-Beta3=jsTestCompileClasspath,jsTestDependencySources,jsTestNpmAggregated,jsTestRuntimeClasspath
org.jetbrains.kotlin:kotlin-test-junit:2.0.0-Beta3=jvmTestCompileClasspath,jvmTestDependencySources,jvmTestRuntimeClasspath,testCompileClasspath,testRuntimeClasspath
org.jetbrains.kotlin:kotlin-test-wasm-js:2.0.0-Beta3=wasmJsTestCompileClasspath,wasmJsTestDependencySources,wasmJsTestNpmAggregated,wasmJsTestRuntimeClasspath
org.jetbrains.kotlin:kotlin-test-wasm-wasi:2.0.0-Beta3=wasmWasiTestCompileClasspath,wasmWasiTestDependencySources,wasmWasiTestNpmAggregated,wasmWasiTestRuntimeClasspath
org.jetbrains.kotlin:kotlin-test:2.0.0-Beta3=allSourceSetsCompileDependenciesMetadata,apple32TestApiDependenciesMetadata,apple32TestCompileOnlyDependenciesMetadata,apple32TestImplementationDependenciesMetadata,apple32TestResolvableDependenciesMetadata,apple64TestApiDependenciesMetadata,apple64TestCompileOnlyDependenciesMetadata,apple64TestImplementationDependenciesMetadata,apple64TestResolvableDependenciesMetadata,appleTestApiDependenciesMetadata,appleTestCompileOnlyDependenciesMetadata,appleTestImplementationDependenciesMetadata,appleTestResolvableDependenciesMetadata,commonTestApiDependenciesMetadata,commonTestCompileOnlyDependenciesMetadata,commonTestImplementationDependenciesMetadata,commonTestResolvableDependenciesMetadata,iosArm64TestApiDependenciesMetadata,iosArm64TestCompilationDependenciesMetadata,iosArm64TestCompileKlibraries,iosArm64TestCompileOnlyDependenciesMetadata,iosArm64TestImplementationDependenciesMetadata,iosArm64TestResolvableDependenciesMetadata,iosSimulatorArm64TestApiDependenciesMetadata,iosSimulatorArm64TestCompilationDependenciesMetadata,iosSimulatorArm64TestCompileKlibraries,iosSimulatorArm64TestCompileOnlyDependenciesMetadata,iosSimulatorArm64TestImplementationDependenciesMetadata,iosSimulatorArm64TestResolvableDependenciesMetadata,iosX64TestApiDependenciesMetadata,iosX64TestCompilationDependenciesMetadata,iosX64TestCompileKlibraries,iosX64TestCompileOnlyDependenciesMetadata,iosX64TestImplementationDependenciesMetadata,iosX64TestResolvableDependenciesMetadata,jsTestApiDependenciesMetadata,jsTestCompileClasspath,jsTestCompileOnlyDependenciesMetadata,jsTestDependencySources,jsTestImplementationDependenciesMetadata,jsTestNpmAggregated,jsTestResolvableDependenciesMetadata,jsTestRuntimeClasspath,jvmTestApiDependenciesMetadata,jvmTestCompileClasspath,jvmTestCompileOnlyDependenciesMetadata,jvmTestDependencySources,jvmTestImplementationDependenciesMetadata,jvmTestResolvableDependenciesMetadata,jvmTestRuntimeClasspath,linuxArm64TestApiDependenciesMetadata,linuxArm64TestCompilationDependenciesMetadata,linuxArm64TestCompileKlibraries,linuxArm64TestCompileOnlyDependenciesMetadata,linuxArm64TestImplementationDependenciesMetadata,linuxArm64TestResolvableDependenciesMetadata,linuxX64TestApiDependenciesMetadata,linuxX64TestCompilationDependenciesMetadata,linuxX64TestCompileKlibraries,linuxX64TestCompileOnlyDependenciesMetadata,linuxX64TestImplementationDependenciesMetadata,linuxX64TestResolvableDependenciesMetadata,macosArm64TestApiDependenciesMetadata,macosArm64TestCompilationDependenciesMetadata,macosArm64TestCompileKlibraries,macosArm64TestCompileOnlyDependenciesMetadata,macosArm64TestImplementationDependenciesMetadata,macosArm64TestResolvableDependenciesMetadata,macosX64TestApiDependenciesMetadata,macosX64TestCompilationDependenciesMetadata,macosX64TestCompileKlibraries,macosX64TestCompileOnlyDependenciesMetadata,macosX64TestImplementationDependenciesMetadata,macosX64TestResolvableDependenciesMetadata,mingwTestApiDependenciesMetadata,mingwTestCompileOnlyDependenciesMetadata,mingwTestImplementationDependenciesMetadata,mingwTestResolvableDependenciesMetadata,mingwX64TestApiDependenciesMetadata,mingwX64TestCompilationDependenciesMetadata,mingwX64TestCompileKlibraries,mingwX64TestCompileOnlyDependenciesMetadata,mingwX64TestImplementationDependenciesMetadata,mingwX64TestResolvableDependenciesMetadata,nativeTestApiDependenciesMetadata,nativeTestCompileOnlyDependenciesMetadata,nativeTestImplementationDependenciesMetadata,nativeTestResolvableDependenciesMetadata,nix32TestApiDependenciesMetadata,nix32TestCompileOnlyDependenciesMetadata,nix32TestImplementationDependenciesMetadata,nix32TestResolvableDependenciesMetadata,nix64TestApiDependenciesMetadata,nix64TestCompileOnlyDependenciesMetadata,nix64TestImplementationDependenciesMetadata,nix64TestResolvableDependenciesMetadata,nonJvmTestApiDependenciesMetadata,nonJvmTestCompileOnlyDependenciesMetadata,nonJvmTestImplementationDependenciesMetadata,nonJvmTestResolvableDependenciesMetadata,testCompileClasspath,testRuntimeClasspath,tvosArm64TestApiDependenciesMetadata,tvosArm64TestCompilationDependenciesMetadata,tvosArm64TestCompileKlibraries,tvosArm64TestCompileOnlyDependenciesMetadata,tvosArm64TestImplementationDependenciesMetadata,tvosArm64TestResolvableDependenciesMetadata,tvosSimulatorArm64TestApiDependenciesMetadata,tvosSimulatorArm64TestCompilationDependenciesMetadata,tvosSimulatorArm64TestCompileKlibraries,tvosSimulatorArm64TestCompileOnlyDependenciesMetadata,tvosSimulatorArm64TestImplementationDependenciesMetadata,tvosSimulatorArm64TestResolvableDependenciesMetadata,tvosX64TestApiDependenciesMetadata,tvosX64TestCompilationDependenciesMetadata,tvosX64TestCompileKlibraries,tvosX64TestCompileOnlyDependenciesMetadata,tvosX64TestImplementationDependenciesMetadata,tvosX64TestResolvableDependenciesMetadata,wasmJsTestApiDependenciesMetadata,wasmJsTestCompileClasspath,wasmJsTestCompileOnlyDependenciesMetadata,wasmJsTestDependencySources,wasmJsTestImplementationDependenciesMetadata,wasmJsTestNpmAggregated,wasmJsTestResolvableDependenciesMetadata,wasmJsTestRuntimeClasspath,wasmWasiTestApiDependenciesMetadata,wasmWasiTestCompileClasspath,wasmWasiTestCompileOnlyDependenciesMetadata,wasmWasiTestDependencySources,wasmWasiTestImplementationDependenciesMetadata,wasmWasiTestNpmAggregated,wasmWasiTestResolvableDependenciesMetadata,wasmWasiTestRuntimeClasspath,watchosArm32TestApiDependenciesMetadata,watchosArm32TestCompilationDependenciesMetadata,watchosArm32TestCompileKlibraries,watchosArm32TestCompileOnlyDependenciesMetadata,watchosArm32TestImplementationDependenciesMetadata,watchosArm32TestResolvableDependenciesMetadata,watchosArm64TestApiDependenciesMetadata,watchosArm64TestCompilationDependenciesMetadata,watchosArm64TestCompileKlibraries,watchosArm64TestCompileOnlyDependenciesMetadata,watchosArm64TestImplementationDependenciesMetadata,watchosArm64TestResolvableDependenciesMetadata,watchosDeviceArm64TestApiDependenciesMetadata,watchosDeviceArm64TestCompilationDependenciesMetadata,watchosDeviceArm64TestCompileKlibraries,watchosDeviceArm64TestCompileOnlyDependenciesMetadata,watchosDeviceArm64TestImplementationDependenciesMetadata,watchosDeviceArm64TestResolvableDependenciesMetadata,watchosSimulatorArm64TestApiDependenciesMetadata,watchosSimulatorArm64TestCompilationDependenciesMetadata,watchosSimulatorArm64TestCompileKlibraries,watchosSimulatorArm64TestCompileOnlyDependenciesMetadata,watchosSimulatorArm64TestImplementationDependenciesMetadata,watchosSimulatorArm64TestResolvableDependenciesMetadata,watchosX64TestApiDependenciesMetadata,watchosX64TestCompilationDependenciesMetadata,watchosX64TestCompileKlibraries,watchosX64TestCompileOnlyDependenciesMetadata,watchosX64TestImplementationDependenciesMetadata,watchosX64TestResolvableDependenciesMetadata
org.jetbrains.kotlinx:kotlinx-coroutines-bom:1.6.3=dokkaGfmPlugin,dokkaGfmRuntime,dokkaHtmlPlugin,dokkaHtmlRuntime,dokkaJavadocPlugin,dokkaJavadocRuntime,dokkaJekyllPlugin,dokkaJekyllRuntime
org.jetbrains.kotlinx:kotlinx-coroutines-core-jvm:1.5.0=kotlinBuildToolsApiClasspath
org.jetbrains.kotlinx:kotlinx-coroutines-core-jvm:1.6.3=dokkaGfmPlugin,dokkaGfmRuntime,dokkaHtmlPlugin,dokkaHtmlRuntime,dokkaJavadocPlugin,dokkaJavadocRuntime,dokkaJekyllPlugin,dokkaJekyllRuntime
org.jetbrains.kotlinx:kotlinx-coroutines-core:1.6.3=dokkaGfmPlugin,dokkaGfmRuntime,dokkaHtmlPlugin,dokkaHtmlRuntime,dokkaJavadocPlugin,dokkaJavadocRuntime,dokkaJekyllPlugin,dokkaJekyllRuntime
org.jetbrains.kotlinx:kotlinx-html-jvm:0.7.5=dokkaGfmPlugin,dokkaHtmlPlugin,dokkaJavadocPlugin,dokkaJekyllPlugin
org.jetbrains.kotlinx:kotlinx-html-jvm:0.8.1=detekt
org.jetbrains.kotlinx:kotlinx-serialization-core-jvm:1.4.1=detekt
org.jetbrains.kotlinx:kotlinx-serialization-core:1.4.1=detekt
org.jetbrains.kotlinx:kotlinx-serialization-json-jvm:1.4.1=detekt
org.jetbrains.kotlinx:kotlinx-serialization-json:1.4.1=detekt
org.jetbrains:annotations:13.0=compileClasspath,detekt,dokkaGfmPlugin,dokkaGfmRuntime,dokkaHtmlPlugin,dokkaHtmlRuntime,dokkaJavadocPlugin,dokkaJavadocRuntime,dokkaJekyllPlugin,dokkaJekyllRuntime,jvmCompileClasspath,jvmRuntimeClasspath,jvmTestCompileClasspath,jvmTestRuntimeClasspath,kotlinBuildToolsApiClasspath,kotlinCompilerClasspath,kotlinCompilerPluginClasspathJsMain,kotlinCompilerPluginClasspathJsTest,kotlinCompilerPluginClasspathJvmMain,kotlinCompilerPluginClasspathJvmTest,kotlinCompilerPluginClasspathMetadataCommonMain,kotlinCompilerPluginClasspathMetadataMain,kotlinCompilerPluginClasspathMetadataNonJvmMain,kotlinCompilerPluginClasspathWasmJsMain,kotlinCompilerPluginClasspathWasmJsTest,kotlinCompilerPluginClasspathWasmWasiMain,kotlinCompilerPluginClasspathWasmWasiTest,kotlinKlibCommonizerClasspath,runtimeClasspath,testCompileClasspath,testRuntimeClasspath
org.jetbrains:annotations:16.0.2=koverJvmReporter
org.jetbrains:markdown-jvm:0.3.1=dokkaGfmPlugin,dokkaHtmlPlugin,dokkaJavadocPlugin,dokkaJekyllPlugin
org.jetbrains:markdown:0.3.1=dokkaGfmPlugin,dokkaHtmlPlugin,dokkaJavadocPlugin,dokkaJekyllPlugin
org.jsoup:jsoup:1.15.3=dokkaGfmPlugin,dokkaHtmlPlugin,dokkaJavadocPlugin,dokkaJekyllPlugin
org.snakeyaml:snakeyaml-engine:2.6=detekt
empty=annotationProcessor,apple32MainIntransitiveDependenciesMetadata,apple32TestIntransitiveDependenciesMetadata,apple64MainIntransitiveDependenciesMetadata,apple64TestIntransitiveDependenciesMetadata,appleMainIntransitiveDependenciesMetadata,appleTestIntransitiveDependenciesMetadata,commonMainIntransitiveDependenciesMetadata,commonTestIntransitiveDependenciesMetadata,detektPlugins,dokkaPlugin,dokkaRuntime,iosArm64MainIntransitiveDependenciesMetadata,iosArm64TestIntransitiveDependenciesMetadata,iosSimulatorArm64MainIntransitiveDependenciesMetadata,iosSimulatorArm64TestIntransitiveDependenciesMetadata,iosX64MainIntransitiveDependenciesMetadata,iosX64TestIntransitiveDependenciesMetadata,jsMainIntransitiveDependenciesMetadata,jsTestIntransitiveDependenciesMetadata,jvmMainIntransitiveDependenciesMetadata,jvmTestIntransitiveDependenciesMetadata,kotlinCompilerPluginClasspath,kotlinCompilerPluginClasspathIosArm64Main,kotlinCompilerPluginClasspathIosArm64Test,kotlinCompilerPluginClasspathIosSimulatorArm64Main,kotlinCompilerPluginClasspathIosSimulatorArm64Test,kotlinCompilerPluginClasspathIosX64Main,kotlinCompilerPluginClasspathIosX64Test,kotlinCompilerPluginClasspathLinuxArm64Main,kotlinCompilerPluginClasspathLinuxArm64Test,kotlinCompilerPluginClasspathLinuxX64Main,kotlinCompilerPluginClasspathLinuxX64Test,kotlinCompilerPluginClasspathMacosArm64Main,kotlinCompilerPluginClasspathMacosArm64Test,kotlinCompilerPluginClasspathMacosX64Main,kotlinCompilerPluginClasspathMacosX64Test,kotlinCompilerPluginClasspathMetadataApple64Main,kotlinCompilerPluginClasspathMetadataAppleMain,kotlinCompilerPluginClasspathMetadataNativeMain,kotlinCompilerPluginClasspathMetadataNix64Main,kotlinCompilerPluginClasspathMingwX64Main,kotlinCompilerPluginClasspathMingwX64Test,kotlinCompilerPluginClasspathTvosArm64Main,kotlinCompilerPluginClasspathTvosArm64Test,kotlinCompilerPluginClasspathTvosSimulatorArm64Main,kotlinCompilerPluginClasspathTvosSimulatorArm64Test,kotlinCompilerPluginClasspathTvosX64Main,kotlinCompilerPluginClasspathTvosX64Test,kotlinCompilerPluginClasspathWatchosArm32Main,kotlinCompilerPluginClasspathWatchosArm32Test,kotlinCompilerPluginClasspathWatchosArm64Main,kotlinCompilerPluginClasspathWatchosArm64Test,kotlinCompilerPluginClasspathWatchosDeviceArm64Main,kotlinCompilerPluginClasspathWatchosDeviceArm64Test,kotlinCompilerPluginClasspathWatchosSimulatorArm64Main,kotlinCompilerPluginClasspathWatchosSimulatorArm64Test,kotlinCompilerPluginClasspathWatchosX64Main,kotlinCompilerPluginClasspathWatchosX64Test,kotlinNativeCompilerPluginClasspath,kotlinScriptDefExtensions,koverExternalArtifacts,linuxArm64MainIntransitiveDependenciesMetadata,linuxArm64TestIntransitiveDependenciesMetadata,linuxX64MainIntransitiveDependenciesMetadata,linuxX64TestIntransitiveDependenciesMetadata,macosArm64MainIntransitiveDependenciesMetadata,macosArm64TestIntransitiveDependenciesMetadata,macosX64MainIntransitiveDependenciesMetadata,macosX64TestIntransitiveDependenciesMetadata,mingwMainIntransitiveDependenciesMetadata,mingwTestIntransitiveDependenciesMetadata,mingwX64MainIntransitiveDependenciesMetadata,mingwX64TestIntransitiveDependenciesMetadata,nativeMainIntransitiveDependenciesMetadata,nativeTestIntransitiveDependenciesMetadata,nix32MainIntransitiveDependenciesMetadata,nix32TestIntransitiveDependenciesMetadata,nix64MainIntransitiveDependenciesMetadata,nix64TestIntransitiveDependenciesMetadata,nonJvmMainIntransitiveDependenciesMetadata,nonJvmTestIntransitiveDependenciesMetadata,testAnnotationProcessor,testKotlinScriptDefExtensions,tvosArm64MainIntransitiveDependenciesMetadata,tvosArm64TestIntransitiveDependenciesMetadata,tvosSimulatorArm64MainIntransitiveDependenciesMetadata,tvosSimulatorArm64TestIntransitiveDependenciesMetadata,tvosX64MainIntransitiveDependenciesMetadata,tvosX64TestIntransitiveDependenciesMetadata,wasmJsMainIntransitiveDependenciesMetadata,wasmJsTestIntransitiveDependenciesMetadata,wasmWasiMainIntransitiveDependenciesMetadata,wasmWasiTestIntransitiveDependenciesMetadata,watchosArm32MainIntransitiveDependenciesMetadata,watchosArm32TestIntransitiveDependenciesMetadata,watchosArm64MainIntransitiveDependenciesMetadata,watchosArm64TestIntransitiveDependenciesMetadata,watchosDeviceArm64MainIntransitiveDependenciesMetadata,watchosDeviceArm64TestIntransitiveDependenciesMetadata,watchosSimulatorArm64MainIntransitiveDependenciesMetadata,watchosSimulatorArm64TestIntransitiveDependenciesMetadata,watchosX64MainIntransitiveDependenciesMetadata,watchosX64TestIntransitiveDependenciesMetadata
